
Microsoft Visual Studio Solution File, Format Version 12.00
# Visual Studio Version 17
VisualStudioVersion = 17.5.002.0
MinimumVisualStudioVersion = 10.0.40219.1
Project("{9A19103F-16F7-4668-BE54-9A1E7A4F7556}") = "NBPOC.Load", "NBPOC.Load.csproj", "{441B0553-892F-4508-901D-B9D2E1F5FE30}"
EndProject
Global
	GlobalSection(SolutionConfigurationPlatforms) = preSolution
		Debug|Any CPU = Debug|Any CPU
		Release|Any CPU = Release|Any CPU
	EndGlobalSection
	GlobalSection(ProjectConfigurationPlatforms) = postSolution
		{441B0553-892F-4508-901D-B9D2E1F5FE30}.Debug|Any CPU.ActiveCfg = Debug|Any CPU
		{441B0553-892F-4508-901D-B9D2E1F5FE30}.Debug|Any CPU.Build.0 = Debug|Any CPU
		{441B0553-892F-4508-901D-B9D2E1F5FE30}.Release|Any CPU.ActiveCfg = Release|Any CPU
		{441B0553-892F-4508-901D-B9D2E1F5FE30}.Release|Any CPU.Build.0 = Release|Any CPU
	EndGlobalSection
	GlobalSection(SolutionProperties) = preSolution
		HideSolutionNode = FALSE
	EndGlobalSection
	GlobalSection(ExtensibilityGlobals) = postSolution
		SolutionGuid = {ACFE0BC7-75F4-4B94-B71E-80212C86C94B}
	EndGlobalSection
EndGlobal
